{
  "version": 4,
  "terraform_version": "1.14.8",
  "serial": 9,
  "lineage": "c68d2adc-fa99-83cf-ced0-11fea21f8a04",
  "outputs": {},
  "resources": [
    {
      "mode": "managed",
      "type": "azurerm_app_service_source_control",
      "name": "aassc",
      "provider": "provider[\"registry.terraform.io/hashicorp/azurerm\"]",
      "instances": [
        {
          "schema_version": 0,
          "attributes": {
            "app_id": "/subscriptions/e73bef49-aa62-4364-b4ff-6f1aaf7b471b/resourceGroups/ContactBookRG-85108/providers/Microsoft.Web/sites/ContactBookApp-85108",
            "branch": "main",
            "github_action_configuration": [],
            "id": "/subscriptions/e73bef49-aa62-4364-b4ff-6f1aaf7b471b/resourceGroups/ContactBookRG-85108/providers/Microsoft.Web/sites/ContactBookApp-85108",
            "repo_url": "https://github.com/nsinorov/Azure-Web-App-with-Database-TaskBoard",
            "rollback_enabled": false,
            "scm_type": "ExternalGit",
            "timeouts": null,
            "use_local_git": false,
            "use_manual_integration": true,
            "use_mercurial": false,
            "uses_github_action": false
          },
          "sensitive_attributes": [],
          "identity_schema_version": 0,
          "private": "eyJlMmJmYjczMC1lY2FhLTExZTYtOGY4OC0zNDM2M2JjN2M0YzAiOnsiY3JlYXRlIjoxODAwMDAwMDAwMDAwLCJkZWxldGUiOjE4MDAwMDAwMDAwMDAsInJlYWQiOjMwMDAwMDAwMDAwMH19",
          "dependencies": [
            "azurerm_linux_web_app.alwa",
            "azurerm_mssql_database.database",
            "azurerm_mssql_server.sqlserver",
            "azurerm_resource_group.arg",
            "azurerm_service_plan.asp",
            "random_integer.ri"
          ]
        }
      ]
    },
    {
      "mode": "managed",
      "type": "azurerm_linux_web_app",
      "name": "alwa",
      "provider": "provider[\"registry.terraform.io/hashicorp/azurerm\"]",
      "instances": [
        {
          "schema_version": 1,
          "attributes": {
            "app_settings": null,
            "auth_settings": [
              {
                "active_directory": [],
                "additional_login_parameters": {},
                "allowed_external_redirect_urls": [],
                "default_provider": "",
                "enabled": false,
                "facebook": [],
                "github": [],
                "google": [],
                "issuer": "",
                "microsoft": [],
                "runtime_version": "",
                "token_refresh_extension_hours": 0,
                "token_store_enabled": false,
                "twitter": [],
                "unauthenticated_client_action": ""
              }
            ],
            "auth_settings_v2": [],
            "backup": [],
            "client_affinity_enabled": false,
            "client_certificate_enabled": false,
            "client_certificate_exclusion_paths": "",
            "client_certificate_mode": "Required",
            "connection_string": [
              {
                "name": "DefaultConnection",
                "type": "SQLAzure",
                "value": "Data Source=tcp:mssqlserver-85108.database.windows.net,1433;Initial Catalog=contactbookdb;User ID=sqladmin;Password=P@ssw0rd1234;Trusted_Connection=False; MultipleActiveResultSets=True;"
              }
            ],
            "custom_domain_verification_id": "EFB1994F6374C2939B5E39B4B7FB9A20AB59089B8468F6A1AB218F63427AA16B",
            "default_hostname": "contactbookapp-85108.azurewebsites.net",
            "enabled": true,
            "ftp_publish_basic_authentication_enabled": true,
            "hosting_environment_id": "",
            "https_only": false,
            "id": "/subscriptions/e73bef49-aa62-4364-b4ff-6f1aaf7b471b/resourceGroups/ContactBookRG-85108/providers/Microsoft.Web/sites/ContactBookApp-85108",
            "identity": [],
            "key_vault_reference_identity_id": "SystemAssigned",
            "kind": "app,linux",
            "location": "polandcentral",
            "logs": [],
            "name": "ContactBookApp-85108",
            "outbound_ip_address_list": [
              "74.248.249.213",
              "74.248.177.201",
              "134.112.8.29",
              "134.112.80.188",
              "74.248.72.174",
              "74.248.73.133",
              "20.215.142.229",
              "134.112.83.238",
              "134.112.84.12",
              "134.112.11.66",
              "134.112.83.74",
              "134.112.11.70",
              "20.215.12.3"
            ],
            "outbound_ip_addresses": "74.248.249.213,74.248.177.201,134.112.8.29,134.112.80.188,74.248.72.174,74.248.73.133,20.215.142.229,134.112.83.238,134.112.84.12,134.112.11.66,134.112.83.74,134.112.11.70,20.215.12.3",
            "possible_outbound_ip_address_list": [
              "74.248.249.213",
              "74.248.177.201",
              "134.112.8.29",
              "134.112.80.188",
              "74.248.72.174",
              "74.248.73.133",
              "20.215.142.229",
              "134.112.83.238",
              "134.112.84.12",
              "134.112.11.66",
              "134.112.83.74",
              "134.112.11.70",
              "134.112.84.227",
              "74.248.253.114",
              "74.248.253.128",
              "74.248.76.66",
              "134.112.85.2",
              "74.248.253.130",
              "134.112.11.74",
              "134.112.85.65",
              "74.248.76.99",
              "74.248.177.160",
              "74.248.177.163",
              "134.112.81.156",
              "74.248.251.218",
              "134.112.82.55",
              "134.112.82.177",
              "134.112.83.110",
              "74.248.75.136",
              "74.248.177.254",
              "20.215.12.3"
            ],
            "possible_outbound_ip_addresses": "74.248.249.213,74.248.177.201,134.112.8.29,134.112.80.188,74.248.72.174,74.248.73.133,20.215.142.229,134.112.83.238,134.112.84.12,134.112.11.66,134.112.83.74,134.112.11.70,134.112.84.227,74.248.253.114,74.248.253.128,74.248.76.66,134.112.85.2,74.248.253.130,134.112.11.74,134.112.85.65,74.248.76.99,74.248.177.160,74.248.177.163,134.112.81.156,74.248.251.218,134.112.82.55,134.112.82.177,134.112.83.110,74.248.75.136,74.248.177.254,20.215.12.3",
            "public_network_access_enabled": true,
            "resource_group_name": "ContactBookRG-85108",
            "service_plan_id": "/subscriptions/e73bef49-aa62-4364-b4ff-6f1aaf7b471b/resourceGroups/ContactBookRG-85108/providers/Microsoft.Web/serverFarms/ContactBookASP-85108",
            "site_config": [
              {
                "always_on": false,
                "api_definition_url": "",
                "api_management_api_id": "",
                "app_command_line": "",
                "application_stack": [
                  {
                    "docker_image_name": "",
                    "docker_registry_password": "",
                    "docker_registry_url": "",
                    "docker_registry_username": "",
                    "dotnet_version": "8.0",
                    "go_version": "",
                    "java_server": "",
                    "java_server_version": "",
                    "java_version": "",
                    "node_version": "",
                    "php_version": "",
                    "python_version": "",
                    "ruby_version": ""
                  }
                ],
                "auto_heal_setting": [],
                "container_registry_managed_identity_client_id": "",
                "container_registry_use_managed_identity": false,
                "cors": [],
                "default_documents": [
                  "Default.htm",
                  "Default.html",
                  "Default.asp",
                  "index.htm",
                  "index.html",
                  "iisstart.htm",
                  "default.aspx",
                  "index.php",
                  "hostingstart.html"
                ],
                "detailed_error_logging_enabled": false,
                "ftps_state": "Disabled",
                "health_check_eviction_time_in_min": 0,
                "health_check_path": "",
                "http2_enabled": false,
                "ip_restriction": [],
                "ip_restriction_default_action": "Allow",
                "linux_fx_version": "DOTNETCORE|8.0",
                "load_balancing_mode": "LeastRequests",
                "local_mysql_enabled": false,
                "managed_pipeline_mode": "Integrated",
                "minimum_tls_version": "1.2",
                "remote_debugging_enabled": false,
                "remote_debugging_version": "VS2022",
                "scm_ip_restriction": [],
                "scm_ip_restriction_default_action": "Allow",
                "scm_minimum_tls_version": "1.2",
                "scm_type": "None",
                "scm_use_main_ip_restriction": false,
                "use_32_bit_worker": true,
                "vnet_route_all_enabled": false,
                "websockets_enabled": false,
                "worker_count": 1
              }
            ],
            "site_credential": [
              {
                "name": "$ContactBookApp-85108",
                "password": "XroRzZrrJx91Rm6ktjmbkCXDXa6MC6Fct6XmEglxsg9jybTSRFSycj8qBFql"
              }
            ],
            "sticky_settings": [],
            "storage_account": [],
            "tags": null,
            "timeouts": null,
            "virtual_network_backup_restore_enabled": false,
            "virtual_network_subnet_id": "",
            "vnet_image_pull_enabled": false,
            "webdeploy_publish_basic_authentication_enabled": true,
            "zip_deploy_file": ""
          },
          "sensitive_attributes": [
            [
              {
                "type": "get_attr",
                "value": "connection_string"
              }
            ],
            [
              {
                "type": "get_attr",
                "value": "custom_domain_verification_id"
              }
            ],
            [
              {
                "type": "get_attr",
                "value": "site_config"
              },
              {
                "type": "index",
                "value": {
                  "value": 0,
                  "type": "number"
                }
              },
              {
                "type": "get_attr",
                "value": "application_stack"
              },
              {
                "type": "index",
                "value": {
                  "value": 0,
                  "type": "number"
                }
              },
              {
                "type": "get_attr",
                "value": "docker_registry_password"
              }
            ],
            [
              {
                "type": "get_attr",
                "value": "site_credential"
              }
            ]
          ],
          "identity_schema_version": 0,
          "private": "eyJlMmJmYjczMC1lY2FhLTExZTYtOGY4OC0zNDM2M2JjN2M0YzAiOnsiY3JlYXRlIjoxODAwMDAwMDAwMDAwLCJkZWxldGUiOjE4MDAwMDAwMDAwMDAsInJlYWQiOjMwMDAwMDAwMDAwMCwidXBkYXRlIjoxODAwMDAwMDAwMDAwfSwic2NoZW1hX3ZlcnNpb24iOiIxIn0=",
          "dependencies": [
            "azurerm_mssql_database.database",
            "azurerm_mssql_server.sqlserver",
            "azurerm_resource_group.arg",
            "azurerm_service_plan.asp",
            "random_integer.ri"
          ]
        }
      ]
    },
    {
      "mode": "managed",
      "type": "azurerm_mssql_database",
      "name": "database",
      "provider": "provider[\"registry.terraform.io/hashicorp/azurerm\"]",
      "instances": [
        {
          "schema_version": 1,
          "attributes": {
            "auto_pause_delay_in_minutes": 0,
            "collation": "SQL_Latin1_General_CP1_CI_AS",
            "create_mode": "Default",
            "creation_source_database_id": null,
            "elastic_pool_id": "",
            "enclave_type": "",
            "geo_backup_enabled": true,
            "id": "/subscriptions/e73bef49-aa62-4364-b4ff-6f1aaf7b471b/resourceGroups/ContactBookRG-85108/providers/Microsoft.Sql/servers/mssqlserver-85108/databases/contactbookdb",
            "identity": [],
            "import": [],
            "ledger_enabled": false,
            "license_type": "LicenseIncluded",
            "long_term_retention_policy": [
              {
                "immutable_backups_enabled": false,
                "monthly_retention": "PT0S",
                "week_of_year": 1,
                "weekly_retention": "PT0S",
                "yearly_retention": "PT0S"
              }
            ],
            "maintenance_configuration_name": "SQL_Default",
            "max_size_gb": 2,
            "min_capacity": 0,
            "name": "contactbookdb",
            "read_replica_count": 0,
            "read_scale": false,
            "recover_database_id": null,
            "recovery_point_id": null,
            "restore_dropped_database_id": null,
            "restore_long_term_retention_backup_id": null,
            "restore_point_in_time": null,
            "sample_name": null,
            "secondary_type": "",
            "server_id": "/subscriptions/e73bef49-aa62-4364-b4ff-6f1aaf7b471b/resourceGroups/ContactBookRG-85108/providers/Microsoft.Sql/servers/mssqlserver-85108",
            "short_term_retention_policy": [
              {
                "backup_interval_in_hours": 24,
                "retention_days": 7
              }
            ],
            "sku_name": "S0",
            "storage_account_type": "Local",
            "tags": null,
            "threat_detection_policy": [
              {
                "disabled_alerts": [],
                "email_account_admins": "Disabled",
                "email_addresses": [],
                "retention_days": 0,
                "state": "Disabled",
                "storage_account_access_key": "",
                "storage_endpoint": ""
              }
            ],
            "timeouts": null,
            "transparent_data_encryption_enabled": true,
            "transparent_data_encryption_key_automatic_rotation_enabled": false,
            "transparent_data_encryption_key_vault_key_id": "",
            "zone_redundant": false
          },
          "sensitive_attributes": [
            [
              {
                "type": "get_attr",
                "value": "threat_detection_policy"
              },
              {
                "type": "index",
                "value": {
                  "value": 0,
                  "type": "number"
                }
              },
              {
                "type": "get_attr",
                "value": "storage_account_access_key"
              }
            ]
          ],
          "identity_schema_version": 0,
          "identity": {
            "name": "contactbookdb",
            "resource_group_name": "ContactBookRG-85108",
            "server_name": "mssqlserver-85108",
            "subscription_id": "e73bef49-aa62-4364-b4ff-6f1aaf7b471b"
          },
          "private": "eyJlMmJmYjczMC1lY2FhLTExZTYtOGY4OC0zNDM2M2JjN2M0YzAiOnsiY3JlYXRlIjozNjAwMDAwMDAwMDAwLCJkZWxldGUiOjM2MDAwMDAwMDAwMDAsInJlYWQiOjMwMDAwMDAwMDAwMCwidXBkYXRlIjozNjAwMDAwMDAwMDAwfSwic2NoZW1hX3ZlcnNpb24iOiIxIn0=",
          "dependencies": [
            "azurerm_mssql_server.sqlserver",
            "azurerm_resource_group.arg",
            "random_integer.ri"
          ]
        }
      ]
    },
    {
      "mode": "managed",
      "type": "azurerm_mssql_firewall_rule",
      "name": "firewallrule",
      "provider": "provider[\"registry.terraform.io/hashicorp/azurerm\"]",
      "instances": [
        {
          "schema_version": 0,
          "attributes": {
            "end_ip_address": "0.0.0.0",
            "id": "/subscriptions/e73bef49-aa62-4364-b4ff-6f1aaf7b471b/resourceGroups/ContactBookRG-85108/providers/Microsoft.Sql/servers/mssqlserver-85108/firewallRules/AllowAllIPs",
            "name": "AllowAllIPs",
            "server_id": "/subscriptions/e73bef49-aa62-4364-b4ff-6f1aaf7b471b/resourceGroups/ContactBookRG-85108/providers/Microsoft.Sql/servers/mssqlserver-85108",
            "start_ip_address": "0.0.0.0",
            "timeouts": null
          },
          "sensitive_attributes": [],
          "identity_schema_version": 0,
          "private": "eyJlMmJmYjczMC1lY2FhLTExZTYtOGY4OC0zNDM2M2JjN2M0YzAiOnsiY3JlYXRlIjoxODAwMDAwMDAwMDAwLCJkZWxldGUiOjE4MDAwMDAwMDAwMDAsInJlYWQiOjMwMDAwMDAwMDAwMCwidXBkYXRlIjoxODAwMDAwMDAwMDAwfX0=",
          "dependencies": [
            "azurerm_mssql_server.sqlserver",
            "azurerm_resource_group.arg",
            "random_integer.ri"
          ]
        }
      ]
    },
    {
      "mode": "managed",
      "type": "azurerm_mssql_server",
      "name": "sqlserver",
      "provider": "provider[\"registry.terraform.io/hashicorp/azurerm\"]",
      "instances": [
        {
          "schema_version": 0,
          "attributes": {
            "administrator_login": "sqladmin",
            "administrator_login_password": "P@ssw0rd1234",
            "administrator_login_password_wo": null,
            "administrator_login_password_wo_version": 0,
            "azuread_administrator": [],
            "connection_policy": "Default",
            "express_vulnerability_assessment_enabled": false,
            "fully_qualified_domain_name": "mssqlserver-85108.database.windows.net",
            "id": "/subscriptions/e73bef49-aa62-4364-b4ff-6f1aaf7b471b/resourceGroups/ContactBookRG-85108/providers/Microsoft.Sql/servers/mssqlserver-85108",
            "identity": [],
            "location": "polandcentral",
            "minimum_tls_version": "1.2",
            "name": "mssqlserver-85108",
            "outbound_network_restriction_enabled": false,
            "primary_user_assigned_identity_id": "",
            "public_network_access_enabled": true,
            "resource_group_name": "ContactBookRG-85108",
            "restorable_dropped_database_ids": [],
            "tags": null,
            "timeouts": null,
            "transparent_data_encryption_key_vault_key_id": "",
            "version": "12.0"
          },
          "sensitive_attributes": [
            [
              {
                "type": "get_attr",
                "value": "administrator_login_password"
              }
            ],
            [
              {
                "type": "get_attr",
                "value": "administrator_login_password_wo"
              }
            ]
          ],
          "identity_schema_version": 0,
          "identity": {
            "name": "mssqlserver-85108",
            "resource_group_name": "ContactBookRG-85108",
            "subscription_id": "e73bef49-aa62-4364-b4ff-6f1aaf7b471b"
          },
          "private": "eyJlMmJmYjczMC1lY2FhLTExZTYtOGY4OC0zNDM2M2JjN2M0YzAiOnsiY3JlYXRlIjozNjAwMDAwMDAwMDAwLCJkZWxldGUiOjM2MDAwMDAwMDAwMDAsInJlYWQiOjMwMDAwMDAwMDAwMCwidXBkYXRlIjozNjAwMDAwMDAwMDAwfX0=",
          "dependencies": [
            "azurerm_resource_group.arg",
            "random_integer.ri"
          ]
        }
      ]
    },
    {
      "mode": "managed",
      "type": "azurerm_resource_group",
      "name": "arg",
      "provider": "provider[\"registry.terraform.io/hashicorp/azurerm\"]",
      "instances": [
        {
          "schema_version": 0,
          "attributes": {
            "id": "/subscriptions/e73bef49-aa62-4364-b4ff-6f1aaf7b471b/resourceGroups/ContactBookRG-85108",
            "location": "polandcentral",
            "managed_by": "",
            "name": "ContactBookRG-85108",
            "tags": null,
            "timeouts": null
          },
          "sensitive_attributes": [],
          "identity_schema_version": 0,
          "identity": {
            "name": "ContactBookRG-85108",
            "subscription_id": "e73bef49-aa62-4364-b4ff-6f1aaf7b471b"
          },
          "private": "eyJlMmJmYjczMC1lY2FhLTExZTYtOGY4OC0zNDM2M2JjN2M0YzAiOnsiY3JlYXRlIjo1NDAwMDAwMDAwMDAwLCJkZWxldGUiOjU0MDAwMDAwMDAwMDAsInJlYWQiOjMwMDAwMDAwMDAwMCwidXBkYXRlIjo1NDAwMDAwMDAwMDAwfX0=",
          "dependencies": [
            "random_integer.ri"
          ]
        }
      ]
    },
    {
      "mode": "managed",
      "type": "azurerm_service_plan",
      "name": "asp",
      "provider": "provider[\"registry.terraform.io/hashicorp/azurerm\"]",
      "instances": [
        {
          "schema_version": 1,
          "attributes": {
            "app_service_environment_id": "",
            "id": "/subscriptions/e73bef49-aa62-4364-b4ff-6f1aaf7b471b/resourceGroups/ContactBookRG-85108/providers/Microsoft.Web/serverFarms/ContactBookASP-85108",
            "kind": "linux",
            "location": "polandcentral",
            "maximum_elastic_worker_count": 1,
            "name": "ContactBookASP-85108",
            "os_type": "Linux",
            "per_site_scaling_enabled": false,
            "premium_plan_auto_scale_enabled": false,
            "reserved": true,
            "resource_group_name": "ContactBookRG-85108",
            "sku_name": "F1",
            "tags": null,
            "timeouts": null,
            "worker_count": 1,
            "zone_balancing_enabled": false
          },
          "sensitive_attributes": [],
          "identity_schema_version": 0,
          "identity": {
            "name": "ContactBookASP-85108",
            "resource_group_name": "ContactBookRG-85108",
            "subscription_id": "e73bef49-aa62-4364-b4ff-6f1aaf7b471b"
          },
          "private": "eyJlMmJmYjczMC1lY2FhLTExZTYtOGY4OC0zNDM2M2JjN2M0YzAiOnsiY3JlYXRlIjozNjAwMDAwMDAwMDAwLCJkZWxldGUiOjM2MDAwMDAwMDAwMDAsInJlYWQiOjMwMDAwMDAwMDAwMCwidXBkYXRlIjozNjAwMDAwMDAwMDAwfSwic2NoZW1hX3ZlcnNpb24iOiIxIn0=",
          "dependencies": [
            "azurerm_resource_group.arg",
            "random_integer.ri"
          ]
        }
      ]
    },
    {
      "mode": "managed",
      "type": "random_integer",
      "name": "ri",
      "provider": "provider[\"registry.terraform.io/hashicorp/random\"]",
      "instances": [
        {
          "schema_version": 0,
          "attributes": {
            "id": "85108",
            "keepers": null,
            "max": 99999,
            "min": 10000,
            "result": 85108,
            "seed": null
          },
          "sensitive_attributes": [],
          "identity_schema_version": 0
        }
      ]
    }
  ],
  "check_results": null
}
