{
  "version": 4,
  "terraform_version": "1.14.8",
  "serial": 9,
  "lineage": "10e05939-93b4-9c37-86a4-0f4d888e855f",
  "outputs": {},
  "resources": [
    {
      "mode": "managed",
      "type": "azurerm_app_service_source_control",
      "name": "aassc",
      "provider": "provider[\"registry.terraform.io/hashicorp/azurerm\"]",
      "instances": [
        {
          "schema_version": 0,
          "attributes": {
            "app_id": "/subscriptions/e73bef49-aa62-4364-b4ff-6f1aaf7b471b/resourceGroups/ContactsBookRG-45136/providers/Microsoft.Web/sites/contact-book-45136",
            "branch": "main",
            "github_action_configuration": [],
            "id": "/subscriptions/e73bef49-aa62-4364-b4ff-6f1aaf7b471b/resourceGroups/ContactsBookRG-45136/providers/Microsoft.Web/sites/contact-book-45136",
            "repo_url": "https://github.com/nsinorov/Azure-Web-App-with-Database-TaskBoard",
            "rollback_enabled": false,
            "scm_type": "ExternalGit",
            "timeouts": null,
            "use_local_git": false,
            "use_manual_integration": true,
            "use_mercurial": false,
            "uses_github_action": false
          },
          "sensitive_attributes": [],
          "identity_schema_version": 0,
          "private": "eyJlMmJmYjczMC1lY2FhLTExZTYtOGY4OC0zNDM2M2JjN2M0YzAiOnsiY3JlYXRlIjoxODAwMDAwMDAwMDAwLCJkZWxldGUiOjE4MDAwMDAwMDAwMDAsInJlYWQiOjMwMDAwMDAwMDAwMH19",
          "dependencies": [
            "azurerm_linux_web_app.alwa",
            "azurerm_mssql_database.database",
            "azurerm_mssql_server.sqlserver",
            "azurerm_resource_group.arg",
            "azurerm_service_plan.asp",
            "random_integer.ri"
          ]
        }
      ]
    },
    {
      "mode": "managed",
      "type": "azurerm_linux_web_app",
      "name": "alwa",
      "provider": "provider[\"registry.terraform.io/hashicorp/azurerm\"]",
      "instances": [
        {
          "schema_version": 1,
          "attributes": {
            "app_settings": null,
            "auth_settings": [
              {
                "active_directory": [],
                "additional_login_parameters": {},
                "allowed_external_redirect_urls": [],
                "default_provider": "",
                "enabled": false,
                "facebook": [],
                "github": [],
                "google": [],
                "issuer": "",
                "microsoft": [],
                "runtime_version": "",
                "token_refresh_extension_hours": 0,
                "token_store_enabled": false,
                "twitter": [],
                "unauthenticated_client_action": ""
              }
            ],
            "auth_settings_v2": [],
            "backup": [],
            "client_affinity_enabled": false,
            "client_certificate_enabled": false,
            "client_certificate_exclusion_paths": "",
            "client_certificate_mode": "Required",
            "connection_string": [
              {
                "name": "DefaultConnection",
                "type": "SQLAzure",
                "value": "Data Source=tcp:mssqlserver45136.database.windows.net,1433;Initial Catalog=eaxmple-db;User ID=sqladmin;Password=P@ssw0rd1234;Trusted_Connection=False; MultipleActiveResultSets=True;"
              }
            ],
            "custom_domain_verification_id": "EFB1994F6374C2939B5E39B4B7FB9A20AB59089B8468F6A1AB218F63427AA16B",
            "default_hostname": "contact-book-45136.azurewebsites.net",
            "enabled": true,
            "ftp_publish_basic_authentication_enabled": true,
            "hosting_environment_id": "",
            "https_only": false,
            "id": "/subscriptions/e73bef49-aa62-4364-b4ff-6f1aaf7b471b/resourceGroups/ContactsBookRG-45136/providers/Microsoft.Web/sites/contact-book-45136",
            "identity": [],
            "key_vault_reference_identity_id": "SystemAssigned",
            "kind": "app,linux",
            "location": "polandcentral",
            "logs": [],
            "name": "contact-book-45136",
            "outbound_ip_address_list": [
              "20.215.90.80",
              "20.215.90.87",
              "20.215.88.54",
              "20.215.88.55",
              "20.215.88.92",
              "20.215.88.93",
              "74.248.178.48",
              "20.215.143.18",
              "74.248.178.53",
              "74.248.75.173",
              "20.215.143.19",
              "74.248.251.82",
              "20.215.88.213",
              "20.215.88.246",
              "20.215.89.20",
              "20.215.89.22",
              "20.215.89.29",
              "20.215.89.30",
              "20.215.12.2"
            ],
            "outbound_ip_addresses": "20.215.90.80,20.215.90.87,20.215.88.54,20.215.88.55,20.215.88.92,20.215.88.93,74.248.178.48,20.215.143.18,74.248.178.53,74.248.75.173,20.215.143.19,74.248.251.82,20.215.88.213,20.215.88.246,20.215.89.20,20.215.89.22,20.215.89.29,20.215.89.30,20.215.12.2",
            "possible_outbound_ip_address_list": [
              "20.215.90.80",
              "20.215.90.87",
              "20.215.88.54",
              "20.215.88.55",
              "20.215.88.92",
              "20.215.88.93",
              "74.248.178.48",
              "20.215.143.18",
              "74.248.178.53",
              "74.248.75.173",
              "20.215.143.19",
              "74.248.251.82",
              "20.215.88.213",
              "20.215.88.246",
              "20.215.89.20",
              "20.215.89.22",
              "20.215.89.29",
              "20.215.89.30",
              "20.215.89.139",
              "20.215.89.176",
              "20.215.89.178",
              "20.215.89.208",
              "20.215.89.254",
              "20.215.90.18",
              "20.215.90.35",
              "20.215.90.43",
              "20.215.90.50",
              "20.215.90.54",
              "20.215.90.61",
              "20.215.90.68",
              "20.215.88.133",
              "20.215.88.194",
              "20.215.88.218",
              "20.215.88.69",
              "20.215.89.59",
              "20.215.89.61",
              "20.215.12.2"
            ],
            "possible_outbound_ip_addresses": "20.215.90.80,20.215.90.87,20.215.88.54,20.215.88.55,20.215.88.92,20.215.88.93,74.248.178.48,20.215.143.18,74.248.178.53,74.248.75.173,20.215.143.19,74.248.251.82,20.215.88.213,20.215.88.246,20.215.89.20,20.215.89.22,20.215.89.29,20.215.89.30,20.215.89.139,20.215.89.176,20.215.89.178,20.215.89.208,20.215.89.254,20.215.90.18,20.215.90.35,20.215.90.43,20.215.90.50,20.215.90.54,20.215.90.61,20.215.90.68,20.215.88.133,20.215.88.194,20.215.88.218,20.215.88.69,20.215.89.59,20.215.89.61,20.215.12.2",
            "public_network_access_enabled": true,
            "resource_group_name": "ContactsBookRG-45136",
            "service_plan_id": "/subscriptions/e73bef49-aa62-4364-b4ff-6f1aaf7b471b/resourceGroups/ContactsBookRG-45136/providers/Microsoft.Web/serverFarms/contact-book-45136",
            "site_config": [
              {
                "always_on": false,
                "api_definition_url": "",
                "api_management_api_id": "",
                "app_command_line": "",
                "application_stack": [
                  {
                    "docker_image_name": "",
                    "docker_registry_password": "",
                    "docker_registry_url": "",
                    "docker_registry_username": "",
                    "dotnet_version": "8.0",
                    "go_version": "",
                    "java_server": "",
                    "java_server_version": "",
                    "java_version": "",
                    "node_version": "",
                    "php_version": "",
                    "python_version": "",
                    "ruby_version": ""
                  }
                ],
                "auto_heal_setting": [],
                "container_registry_managed_identity_client_id": "",
                "container_registry_use_managed_identity": false,
                "cors": [],
                "default_documents": [
                  "Default.htm",
                  "Default.html",
                  "Default.asp",
                  "index.htm",
                  "index.html",
                  "iisstart.htm",
                  "default.aspx",
                  "index.php",
                  "hostingstart.html"
                ],
                "detailed_error_logging_enabled": false,
                "ftps_state": "Disabled",
                "health_check_eviction_time_in_min": 0,
                "health_check_path": "",
                "http2_enabled": false,
                "ip_restriction": [],
                "ip_restriction_default_action": "Allow",
                "linux_fx_version": "DOTNETCORE|8.0",
                "load_balancing_mode": "LeastRequests",
                "local_mysql_enabled": false,
                "managed_pipeline_mode": "Integrated",
                "minimum_tls_version": "1.2",
                "remote_debugging_enabled": false,
                "remote_debugging_version": "VS2022",
                "scm_ip_restriction": [],
                "scm_ip_restriction_default_action": "Allow",
                "scm_minimum_tls_version": "1.2",
                "scm_type": "None",
                "scm_use_main_ip_restriction": false,
                "use_32_bit_worker": true,
                "vnet_route_all_enabled": false,
                "websockets_enabled": false,
                "worker_count": 1
              }
            ],
            "site_credential": [
              {
                "name": "$contact-book-45136",
                "password": "ae3Cm4iljNWPeGq1LskZHTvxL66i2JwQxwhwFyuuLtQw737GH91NZp9JlB8k"
              }
            ],
            "sticky_settings": [],
            "storage_account": [],
            "tags": null,
            "timeouts": null,
            "virtual_network_backup_restore_enabled": false,
            "virtual_network_subnet_id": "",
            "vnet_image_pull_enabled": false,
            "webdeploy_publish_basic_authentication_enabled": true,
            "zip_deploy_file": ""
          },
          "sensitive_attributes": [
            [
              {
                "type": "get_attr",
                "value": "connection_string"
              }
            ],
            [
              {
                "type": "get_attr",
                "value": "custom_domain_verification_id"
              }
            ],
            [
              {
                "type": "get_attr",
                "value": "site_config"
              },
              {
                "type": "index",
                "value": {
                  "value": 0,
                  "type": "number"
                }
              },
              {
                "type": "get_attr",
                "value": "application_stack"
              },
              {
                "type": "index",
                "value": {
                  "value": 0,
                  "type": "number"
                }
              },
              {
                "type": "get_attr",
                "value": "docker_registry_password"
              }
            ],
            [
              {
                "type": "get_attr",
                "value": "site_credential"
              }
            ]
          ],
          "identity_schema_version": 0,
          "private": "eyJlMmJmYjczMC1lY2FhLTExZTYtOGY4OC0zNDM2M2JjN2M0YzAiOnsiY3JlYXRlIjoxODAwMDAwMDAwMDAwLCJkZWxldGUiOjE4MDAwMDAwMDAwMDAsInJlYWQiOjMwMDAwMDAwMDAwMCwidXBkYXRlIjoxODAwMDAwMDAwMDAwfSwic2NoZW1hX3ZlcnNpb24iOiIxIn0=",
          "dependencies": [
            "azurerm_mssql_database.database",
            "azurerm_mssql_server.sqlserver",
            "azurerm_resource_group.arg",
            "azurerm_service_plan.asp",
            "random_integer.ri"
          ]
        }
      ]
    },
    {
      "mode": "managed",
      "type": "azurerm_mssql_database",
      "name": "database",
      "provider": "provider[\"registry.terraform.io/hashicorp/azurerm\"]",
      "instances": [
        {
          "schema_version": 1,
          "attributes": {
            "auto_pause_delay_in_minutes": 0,
            "collation": "SQL_Latin1_General_CP1_CI_AS",
            "create_mode": "Default",
            "creation_source_database_id": null,
            "elastic_pool_id": "",
            "enclave_type": "",
            "geo_backup_enabled": true,
            "id": "/subscriptions/e73bef49-aa62-4364-b4ff-6f1aaf7b471b/resourceGroups/ContactsBookRG-45136/providers/Microsoft.Sql/servers/mssqlserver45136/databases/eaxmple-db",
            "identity": [],
            "import": [],
            "ledger_enabled": false,
            "license_type": "LicenseIncluded",
            "long_term_retention_policy": [
              {
                "immutable_backups_enabled": false,
                "monthly_retention": "PT0S",
                "week_of_year": 1,
                "weekly_retention": "PT0S",
                "yearly_retention": "PT0S"
              }
            ],
            "maintenance_configuration_name": "SQL_Default",
            "max_size_gb": 2,
            "min_capacity": 0,
            "name": "eaxmple-db",
            "read_replica_count": 0,
            "read_scale": false,
            "recover_database_id": null,
            "recovery_point_id": null,
            "restore_dropped_database_id": null,
            "restore_long_term_retention_backup_id": null,
            "restore_point_in_time": null,
            "sample_name": null,
            "secondary_type": "",
            "server_id": "/subscriptions/e73bef49-aa62-4364-b4ff-6f1aaf7b471b/resourceGroups/ContactsBookRG-45136/providers/Microsoft.Sql/servers/mssqlserver45136",
            "short_term_retention_policy": [
              {
                "backup_interval_in_hours": 24,
                "retention_days": 7
              }
            ],
            "sku_name": "S0",
            "storage_account_type": "Local",
            "tags": null,
            "threat_detection_policy": [
              {
                "disabled_alerts": [],
                "email_account_admins": "Disabled",
                "email_addresses": [],
                "retention_days": 0,
                "state": "Disabled",
                "storage_account_access_key": "",
                "storage_endpoint": ""
              }
            ],
            "timeouts": null,
            "transparent_data_encryption_enabled": true,
            "transparent_data_encryption_key_automatic_rotation_enabled": false,
            "transparent_data_encryption_key_vault_key_id": "",
            "zone_redundant": false
          },
          "sensitive_attributes": [
            [
              {
                "type": "get_attr",
                "value": "threat_detection_policy"
              },
              {
                "type": "index",
                "value": {
                  "value": 0,
                  "type": "number"
                }
              },
              {
                "type": "get_attr",
                "value": "storage_account_access_key"
              }
            ]
          ],
          "identity_schema_version": 0,
          "identity": {
            "name": "eaxmple-db",
            "resource_group_name": "ContactsBookRG-45136",
            "server_name": "mssqlserver45136",
            "subscription_id": "e73bef49-aa62-4364-b4ff-6f1aaf7b471b"
          },
          "private": "eyJlMmJmYjczMC1lY2FhLTExZTYtOGY4OC0zNDM2M2JjN2M0YzAiOnsiY3JlYXRlIjozNjAwMDAwMDAwMDAwLCJkZWxldGUiOjM2MDAwMDAwMDAwMDAsInJlYWQiOjMwMDAwMDAwMDAwMCwidXBkYXRlIjozNjAwMDAwMDAwMDAwfSwic2NoZW1hX3ZlcnNpb24iOiIxIn0=",
          "dependencies": [
            "azurerm_mssql_server.sqlserver",
            "azurerm_resource_group.arg",
            "random_integer.ri"
          ]
        }
      ]
    },
    {
      "mode": "managed",
      "type": "azurerm_mssql_firewall_rule",
      "name": "firewallrule",
      "provider": "provider[\"registry.terraform.io/hashicorp/azurerm\"]",
      "instances": [
        {
          "schema_version": 0,
          "attributes": {
            "end_ip_address": "0.0.0.0",
            "id": "/subscriptions/e73bef49-aa62-4364-b4ff-6f1aaf7b471b/resourceGroups/ContactsBookRG-45136/providers/Microsoft.Sql/servers/mssqlserver45136/firewallRules/FirewallRule11",
            "name": "FirewallRule11",
            "server_id": "/subscriptions/e73bef49-aa62-4364-b4ff-6f1aaf7b471b/resourceGroups/ContactsBookRG-45136/providers/Microsoft.Sql/servers/mssqlserver45136",
            "start_ip_address": "0.0.0.0",
            "timeouts": null
          },
          "sensitive_attributes": [],
          "identity_schema_version": 0,
          "private": "eyJlMmJmYjczMC1lY2FhLTExZTYtOGY4OC0zNDM2M2JjN2M0YzAiOnsiY3JlYXRlIjoxODAwMDAwMDAwMDAwLCJkZWxldGUiOjE4MDAwMDAwMDAwMDAsInJlYWQiOjMwMDAwMDAwMDAwMCwidXBkYXRlIjoxODAwMDAwMDAwMDAwfX0=",
          "dependencies": [
            "azurerm_mssql_server.sqlserver",
            "azurerm_resource_group.arg",
            "random_integer.ri"
          ]
        }
      ]
    },
    {
      "mode": "managed",
      "type": "azurerm_mssql_server",
      "name": "sqlserver",
      "provider": "provider[\"registry.terraform.io/hashicorp/azurerm\"]",
      "instances": [
        {
          "schema_version": 0,
          "attributes": {
            "administrator_login": "sqladmin",
            "administrator_login_password": "P@ssw0rd1234",
            "administrator_login_password_wo": null,
            "administrator_login_password_wo_version": 0,
            "azuread_administrator": [],
            "connection_policy": "Default",
            "express_vulnerability_assessment_enabled": false,
            "fully_qualified_domain_name": "mssqlserver45136.database.windows.net",
            "id": "/subscriptions/e73bef49-aa62-4364-b4ff-6f1aaf7b471b/resourceGroups/ContactsBookRG-45136/providers/Microsoft.Sql/servers/mssqlserver45136",
            "identity": [],
            "location": "polandcentral",
            "minimum_tls_version": "1.2",
            "name": "mssqlserver45136",
            "outbound_network_restriction_enabled": false,
            "primary_user_assigned_identity_id": "",
            "public_network_access_enabled": true,
            "resource_group_name": "ContactsBookRG-45136",
            "restorable_dropped_database_ids": [],
            "tags": null,
            "timeouts": null,
            "transparent_data_encryption_key_vault_key_id": "",
            "version": "12.0"
          },
          "sensitive_attributes": [
            [
              {
                "type": "get_attr",
                "value": "administrator_login_password"
              }
            ],
            [
              {
                "type": "get_attr",
                "value": "administrator_login_password_wo"
              }
            ]
          ],
          "identity_schema_version": 0,
          "identity": {
            "name": "mssqlserver45136",
            "resource_group_name": "ContactsBookRG-45136",
            "subscription_id": "e73bef49-aa62-4364-b4ff-6f1aaf7b471b"
          },
          "private": "eyJlMmJmYjczMC1lY2FhLTExZTYtOGY4OC0zNDM2M2JjN2M0YzAiOnsiY3JlYXRlIjozNjAwMDAwMDAwMDAwLCJkZWxldGUiOjM2MDAwMDAwMDAwMDAsInJlYWQiOjMwMDAwMDAwMDAwMCwidXBkYXRlIjozNjAwMDAwMDAwMDAwfX0=",
          "dependencies": [
            "azurerm_resource_group.arg",
            "random_integer.ri"
          ]
        }
      ]
    },
    {
      "mode": "managed",
      "type": "azurerm_resource_group",
      "name": "arg",
      "provider": "provider[\"registry.terraform.io/hashicorp/azurerm\"]",
      "instances": [
        {
          "schema_version": 0,
          "attributes": {
            "id": "/subscriptions/e73bef49-aa62-4364-b4ff-6f1aaf7b471b/resourceGroups/ContactsBookRG-45136",
            "location": "polandcentral",
            "managed_by": "",
            "name": "ContactsBookRG-45136",
            "tags": null,
            "timeouts": null
          },
          "sensitive_attributes": [],
          "identity_schema_version": 0,
          "identity": {
            "name": "ContactsBookRG-45136",
            "subscription_id": "e73bef49-aa62-4364-b4ff-6f1aaf7b471b"
          },
          "private": "eyJlMmJmYjczMC1lY2FhLTExZTYtOGY4OC0zNDM2M2JjN2M0YzAiOnsiY3JlYXRlIjo1NDAwMDAwMDAwMDAwLCJkZWxldGUiOjU0MDAwMDAwMDAwMDAsInJlYWQiOjMwMDAwMDAwMDAwMCwidXBkYXRlIjo1NDAwMDAwMDAwMDAwfX0=",
          "dependencies": [
            "random_integer.ri"
          ]
        }
      ]
    },
    {
      "mode": "managed",
      "type": "azurerm_service_plan",
      "name": "asp",
      "provider": "provider[\"registry.terraform.io/hashicorp/azurerm\"]",
      "instances": [
        {
          "schema_version": 1,
          "attributes": {
            "app_service_environment_id": "",
            "id": "/subscriptions/e73bef49-aa62-4364-b4ff-6f1aaf7b471b/resourceGroups/ContactsBookRG-45136/providers/Microsoft.Web/serverFarms/contact-book-45136",
            "kind": "linux",
            "location": "polandcentral",
            "maximum_elastic_worker_count": 1,
            "name": "contact-book-45136",
            "os_type": "Linux",
            "per_site_scaling_enabled": false,
            "premium_plan_auto_scale_enabled": false,
            "reserved": true,
            "resource_group_name": "ContactsBookRG-45136",
            "sku_name": "F1",
            "tags": null,
            "timeouts": null,
            "worker_count": 1,
            "zone_balancing_enabled": false
          },
          "sensitive_attributes": [],
          "identity_schema_version": 0,
          "identity": {
            "name": "contact-book-45136",
            "resource_group_name": "ContactsBookRG-45136",
            "subscription_id": "e73bef49-aa62-4364-b4ff-6f1aaf7b471b"
          },
          "private": "eyJlMmJmYjczMC1lY2FhLTExZTYtOGY4OC0zNDM2M2JjN2M0YzAiOnsiY3JlYXRlIjozNjAwMDAwMDAwMDAwLCJkZWxldGUiOjM2MDAwMDAwMDAwMDAsInJlYWQiOjMwMDAwMDAwMDAwMCwidXBkYXRlIjozNjAwMDAwMDAwMDAwfSwic2NoZW1hX3ZlcnNpb24iOiIxIn0=",
          "dependencies": [
            "azurerm_resource_group.arg",
            "random_integer.ri"
          ]
        }
      ]
    },
    {
      "mode": "managed",
      "type": "random_integer",
      "name": "ri",
      "provider": "provider[\"registry.terraform.io/hashicorp/random\"]",
      "instances": [
        {
          "schema_version": 0,
          "attributes": {
            "id": "45136",
            "keepers": null,
            "max": 99999,
            "min": 10000,
            "result": 45136,
            "seed": null
          },
          "sensitive_attributes": [],
          "identity_schema_version": 0
        }
      ]
    }
  ],
  "check_results": null
}
